// !$*UTF8*$!
{
	archiveVersion = 1;
	classes = {
	};
	objectVersion = 46;
	objects = {

/* Begin PBXBuildFile section */
		9DD473901D6A9CF200836029 /* main.m in Sources */ = {isa = PBXBuildFile; fileRef = 9DD4738F1D6A9CF200836029 /* main.m */; };
		9DD473931D6A9CF200836029 /* AppDelegate.m in Sources */ = {isa = PBXBuildFile; fileRef = 9DD473921D6A9CF200836029 /* AppDelegate.m */; };
		9DD473961D6A9CF200836029 /* ViewController.m in Sources */ = {isa = PBXBuildFile; fileRef = 9DD473951D6A9CF200836029 /* ViewController.m */; };
		9DD473991D6A9CF200836029 /* Main.storyboard in Resources */ = {isa = PBXBuildFile; fileRef = 9DD473971D6A9CF200836029 /* Main.storyboard */; };
		9DD4739B1D6A9CF200836029 /* Assets.xcassets in Resources */ = {isa = PBXBuildFile; fileRef = 9DD4739A1D6A9CF200836029 /* Assets.xcassets */; };
		9DD4739E1D6A9CF200836029 /* LaunchScreen.storyboard in Resources */ = {isa = PBXBuildFile; fileRef = 9DD4739C1D6A9CF200836029 /* LaunchScreen.storyboard */; };
		9DD473A91D6A9CF200836029 /* _______Tests.m in Sources */ = {isa = PBXBuildFile; fileRef = 9DD473A81D6A9CF200836029 /* _______Tests.m */; };
		9DD473B41D6A9CF200836029 /* _______UITests.m in Sources */ = {isa = PBXBuildFile; fileRef = 9DD473B31D6A9CF200836029 /* _______UITests.m */; };
		9DD473C31D6AA1FC00836029 /* 说明.txt in Resources */ = {isa = PBXBuildFile; fileRef = 9DD473C11D6AA1FC00836029 /* 说明.txt */; };
		9DD473C51D6AA21900836029 /* TimeScrollView.m in Sources */ = {isa = PBXBuildFile; fileRef = 9DD473C41D6AA21900836029 /* TimeScrollView.m */; };
		9DD473CB1D6AA47B00836029 /* 图3.png in Resources */ = {isa = PBXBuildFile; fileRef = 9DD473C71D6AA47B00836029 /* 图3.png */; };
		9DD473CC1D6AA47B00836029 /* 图2.png in Resources */ = {isa = PBXBuildFile; fileRef = 9DD473C81D6AA47B00836029 /* 图2.png */; };
		9DD473CD1D6AA47B00836029 /* 图1.png in Resources */ = {isa = PBXBuildFile; fileRef = 9DD473C91D6AA47B00836029 /* 图1.png */; };
		9DD473CE1D6AA47B00836029 /* 图4.png in Resources */ = {isa = PBXBuildFile; fileRef = 9DD473CA1D6AA47B00836029 /* 图4.png */; };
/* End PBXBuildFile section */

/* Begin PBXContainerItemProxy section */
		9DD473A51D6A9CF200836029 /* PBXContainerItemProxy */ = {
			isa = PBXContainerItemProxy;
			containerPortal = 9DD473831D6A9CF200836029 /* Project object */;
			proxyType = 1;
			remoteGlobalIDString = 9DD4738A1D6A9CF200836029;
			remoteInfo = "自动无限轮播图";
		};
		9DD473B01D6A9CF200836029 /* PBXContainerItemProxy */ = {
			isa = PBXContainerItemProxy;
			containerPortal = 9DD473831D6A9CF200836029 /* Project object */;
			proxyType = 1;
			remoteGlobalIDString = 9DD4738A1D6A9CF200836029;
			remoteInfo = "自动无限轮播图";
		};
/* End PBXContainerItemProxy section */

/* Begin PBXFileReference section */
		9DD4738B1D6A9CF200836029 /* 自动无限轮播图.app */ = {isa = PBXFileReference; explicitFileType = wrapper.application; includeInIndex = 0; path = "自动无限轮播图.app"; sourceTree = BUILT_PRODUCTS_DIR; };
		9DD4738F1D6A9CF200836029 /* main.m */ = {isa = PBXFileReference; lastKnownFileType = sourcecode.c.objc; path = main.m; sourceTree = "<group>"; };
		9DD473911D6A9CF200836029 /* AppDelegate.h */ = {isa = PBXFileReference; lastKnownFileType = sourcecode.c.h; path = AppDelegate.h; sourceTree = "<group>"; };
		9DD473921D6A9CF200836029 /* AppDelegate.m */ = {isa = PBXFileReference; lastKnownFileType = sourcecode.c.objc; path = AppDelegate.m; sourceTree = "<group>"; };
		9DD473941D6A9CF200836029 /* ViewController.h */ = {isa = PBXFileReference; lastKnownFileType = sourcecode.c.h; path = ViewController.h; sourceTree = "<group>"; };
		9DD473951D6A9CF200836029 /* ViewController.m */ = {isa = PBXFileReference; lastKnownFileType = sourcecode.c.objc; path = ViewController.m; sourceTree = "<group>"; };
		9DD473981D6A9CF200836029 /* Base */ = {isa = PBXFileReference; lastKnownFileType = file.storyboard; name = Base; path = Base.lproj/Main.storyboard; sourceTree = "<group>"; };
		9DD4739A1D6A9CF200836029 /* Assets.xcassets */ = {isa = PBXFileReference; lastKnownFileType = folder.assetcatalog; path = Assets.xcassets; sourceTree = "<group>"; };
		9DD4739D1D6A9CF200836029 /* Base */ = {isa = PBXFileReference; lastKnownFileType = file.storyboard; name = Base; path = Base.lproj/LaunchScreen.storyboard; sourceTree = "<group>"; };
		9DD4739F1D6A9CF200836029 /* Info.plist */ = {isa = PBXFileReference; lastKnownFileType = text.plist.xml; path = Info.plist; sourceTree = "<group>"; };
		9DD473A41D6A9CF200836029 /* 自动无限轮播图Tests.xctest */ = {isa = PBXFileReference; explicitFileType = wrapper.cfbundle; includeInIndex = 0; path = "自动无限轮播图Tests.xctest"; sourceTree = BUILT_PRODUCTS_DIR; };
		9DD473A81D6A9CF200836029 /* _______Tests.m */ = {isa = PBXFileReference; lastKnownFileType = sourcecode.c.objc; path = "_______Tests.m"; sourceTree = "<group>"; };
		9DD473AA1D6A9CF200836029 /* Info.plist */ = {isa = PBXFileReference; lastKnownFileType = text.plist.xml; path = Info.plist; sourceTree = "<group>"; };
		9DD473AF1D6A9CF200836029 /* 自动无限轮播图UITests.xctest */ = {isa = PBXFileReference; explicitFileType = wrapper.cfbundle; includeInIndex = 0; path = "自动无限轮播图UITests.xctest"; sourceTree = BUILT_PRODUCTS_DIR; };
		9DD473B31D6A9CF200836029 /* _______UITests.m */ = {isa = PBXFileReference; lastKnownFileType = sourcecode.c.objc; path = "_______UITests.m"; sourceTree = "<group>"; };
		9DD473B51D6A9CF200836029 /* Info.plist */ = {isa = PBXFileReference; lastKnownFileType = text.plist.xml; path = Info.plist; sourceTree = "<group>"; };
		9DD473C11D6AA1FC00836029 /* 说明.txt */ = {isa = PBXFileReference; fileEncoding = 4; lastKnownFileType = text; path = "说明.txt"; sourceTree = "<group>"; };
		9DD473C21D6AA1FC00836029 /* TimeScrollView.h */ = {isa = PBXFileReference; fileEncoding = 4; lastKnownFileType = sourcecode.c.h; path = TimeScrollView.h; sourceTree = "<group>"; };
		9DD473C41D6AA21900836029 /* TimeScrollView.m */ = {isa = PBXFileReference; fileEncoding = 4; lastKnownFileType = sourcecode.c.objc; path = TimeScrollView.m; sourceTree = "<group>"; };
		9DD473C71D6AA47B00836029 /* 图3.png */ = {isa = PBXFileReference; lastKnownFileType = image.png; path = "图3.png"; sourceTree = "<group>"; };
		9DD473C81D6AA47B00836029 /* 图2.png */ = {isa = PBXFileReference; lastKnownFileType = image.png; path = "图2.png"; sourceTree = "<group>"; };
		9DD473C91D6AA47B00836029 /* 图1.png */ = {isa = PBXFileReference; lastKnownFileType = image.png; path = "图1.png"; sourceTree = "<group>"; };
		9DD473CA1D6AA47B00836029 /* 图4.png */ = {isa = PBXFileReference; lastKnownFileType = image.png; path = "图4.png"; sourceTree = "<group>"; };
/* End PBXFileReference section */

/* Begin PBXFrameworksBuildPhase section */
		9DD473881D6A9CF200836029 /* Frameworks */ = {
			isa = PBXFrameworksBuildPhase;
			buildActionMask = 2147483647;
			files = (
			);
			runOnlyForDeploymentPostprocessing = 0;
		};
		9DD473A11D6A9CF200836029 /* Frameworks */ = {
			isa = PBXFrameworksBuildPhase;
			buildActionMask = 2147483647;
			files = (
			);
			runOnlyForDeploymentPostprocessing = 0;
		};
		9DD473AC1D6A9CF200836029 /* Frameworks */ = {
			isa = PBXFrameworksBuildPhase;
			buildActionMask = 2147483647;
			files = (
			);
			runOnlyForDeploymentPostprocessing = 0;
		};
/* End PBXFrameworksBuildPhase section */

/* Begin PBXGroup section */
		9DD473821D6A9CF200836029 = {
			isa = PBXGroup;
			children = (
				9DD4738D1D6A9CF200836029 /* 自动无限轮播图 */,
				9DD473A71D6A9CF200836029 /* 自动无限轮播图Tests */,
				9DD473B21D6A9CF200836029 /* 自动无限轮播图UITests */,
				9DD4738C1D6A9CF200836029 /* Products */,
			);
			sourceTree = "<group>";
		};
		9DD4738C1D6A9CF200836029 /* Products */ = {
			isa = PBXGroup;
			children = (
				9DD4738B1D6A9CF200836029 /* 自动无限轮播图.app */,
				9DD473A41D6A9CF200836029 /* 自动无限轮播图Tests.xctest */,
				9DD473AF1D6A9CF200836029 /* 自动无限轮播图UITests.xctest */,
			);
			name = Products;
			sourceTree = "<group>";
		};
		9DD4738D1D6A9CF200836029 /* 自动无限轮播图 */ = {
			isa = PBXGroup;
			children = (
				9DD473911D6A9CF200836029 /* AppDelegate.h */,
				9DD473921D6A9CF200836029 /* AppDelegate.m */,
				9DD473C11D6AA1FC00836029 /* 说明.txt */,
				9DD473C61D6AA24F00836029 /* 轮播控件 */,
				9DD473941D6A9CF200836029 /* ViewController.h */,
				9DD473951D6A9CF200836029 /* ViewController.m */,
				9DD473CA1D6AA47B00836029 /* 图4.png */,
				9DD473C71D6AA47B00836029 /* 图3.png */,
				9DD473C81D6AA47B00836029 /* 图2.png */,
				9DD473C91D6AA47B00836029 /* 图1.png */,
				9DD473971D6A9CF200836029 /* Main.storyboard */,
				9DD4739A1D6A9CF200836029 /* Assets.xcassets */,
				9DD4739C1D6A9CF200836029 /* LaunchScreen.storyboard */,
				9DD4739F1D6A9CF200836029 /* Info.plist */,
				9DD4738E1D6A9CF200836029 /* Supporting Files */,
			);
			path = "自动无限轮播图";
			sourceTree = "<group>";
		};
		9DD4738E1D6A9CF200836029 /* Supporting Files */ = {
			isa = PBXGroup;
			children = (
				9DD4738F1D6A9CF200836029 /* main.m */,
			);
			name = "Supporting Files";
			sourceTree = "<group>";
		};
		9DD473A71D6A9CF200836029 /* 自动无限轮播图Tests */ = {
			isa = PBXGroup;
			children = (
				9DD473A81D6A9CF200836029 /* _______Tests.m */,
				9DD473AA1D6A9CF200836029 /* Info.plist */,
			);
			path = "自动无限轮播图Tests";
			sourceTree = "<group>";
		};
		9DD473B21D6A9CF200836029 /* 自动无限轮播图UITests */ = {
			isa = PBXGroup;
			children = (
				9DD473B31D6A9CF200836029 /* _______UITests.m */,
				9DD473B51D6A9CF200836029 /* Info.plist */,
			);
			path = "自动无限轮播图UITests";
			sourceTree = "<group>";
		};
		9DD473C61D6AA24F00836029 /* 轮播控件 */ = {
			isa = PBXGroup;
			children = (
				9DD473C21D6AA1FC00836029 /* TimeScrollView.h */,
				9DD473C41D6AA21900836029 /* TimeScrollView.m */,
			);
			name = "轮播控件";
			sourceTree = "<group>";
		};
/* End PBXGroup section */

/* Begin PBXNativeTarget section */
		9DD4738A1D6A9CF200836029 /* 自动无限轮播图 */ = {
			isa = PBXNativeTarget;
			buildConfigurationList = 9DD473B81D6A9CF200836029 /* Build configuration list for PBXNativeTarget "自动无限轮播图" */;
			buildPhases = (
				9DD473871D6A9CF200836029 /* Sources */,
				9DD473881D6A9CF200836029 /* Frameworks */,
				9DD473891D6A9CF200836029 /* Resources */,
			);
			buildRules = (
			);
			dependencies = (
			);
			name = "自动无限轮播图";
			productName = "自动无限轮播图";
			productReference = 9DD4738B1D6A9CF200836029 /* 自动无限轮播图.app */;
			productType = "com.apple.product-type.application";
		};
		9DD473A31D6A9CF200836029 /* 自动无限轮播图Tests */ = {
			isa = PBXNativeTarget;
			buildConfigurationList = 9DD473BB1D6A9CF200836029 /* Build configuration list for PBXNativeTarget "自动无限轮播图Tests" */;
			buildPhases = (
				9DD473A01D6A9CF200836029 /* Sources */,
				9DD473A11D6A9CF200836029 /* Frameworks */,
				9DD473A21D6A9CF200836029 /* Resources */,
			);
			buildRules = (
			);
			dependencies = (
				9DD473A61D6A9CF200836029 /* PBXTargetDependency */,
			);
			name = "自动无限轮播图Tests";
			productName = "自动无限轮播图Tests";
			productReference = 9DD473A41D6A9CF200836029 /* 自动无限轮播图Tests.xctest */;
			productType = "com.apple.product-type.bundle.unit-test";
		};
		9DD473AE1D6A9CF200836029 /* 自动无限轮播图UITests */ = {
			isa = PBXNativeTarget;
			buildConfigurationList = 9DD473BE1D6A9CF200836029 /* Build configuration list for PBXNativeTarget "自动无限轮播图UITests" */;
			buildPhases = (
				9DD473AB1D6A9CF200836029 /* Sources */,
				9DD473AC1D6A9CF200836029 /* Frameworks */,
				9DD473AD1D6A9CF200836029 /* Resources */,
			);
			buildRules = (
			);
			dependencies = (
				9DD473B11D6A9CF200836029 /* PBXTargetDependency */,
			);
			name = "自动无限轮播图UITests";
			productName = "自动无限轮播图UITests";
			productReference = 9DD473AF1D6A9CF200836029 /* 自动无限轮播图UITests.xctest */;
			productType = "com.apple.product-type.bundle.ui-testing";
		};
/* End PBXNativeTarget section */

/* Begin PBXProject section */
		9DD473831D6A9CF200836029 /* Project object */ = {
			isa = PBXProject;
			attributes = {
				LastUpgradeCheck = 0730;
				ORGANIZATIONNAME = 123;
				TargetAttributes = {
					9DD4738A1D6A9CF200836029 = {
						CreatedOnToolsVersion = 7.3.1;
					};
					9DD473A31D6A9CF200836029 = {
						CreatedOnToolsVersion = 7.3.1;
						TestTargetID = 9DD4738A1D6A9CF200836029;
					};
					9DD473AE1D6A9CF200836029 = {
						CreatedOnToolsVersion = 7.3.1;
						TestTargetID = 9DD4738A1D6A9CF200836029;
					};
				};
			};
			buildConfigurationList = 9DD473861D6A9CF200836029 /* Build configuration list for PBXProject "自动无限轮播图" */;
			compatibilityVersion = "Xcode 3.2";
			developmentRegion = English;
			hasScannedForEncodings = 0;
			knownRegions = (
				en,
				Base,
			);
			mainGroup = 9DD473821D6A9CF200836029;
			productRefGroup = 9DD4738C1D6A9CF200836029 /* Products */;
			projectDirPath = "";
			projectRoot = "";
			targets = (
				9DD4738A1D6A9CF200836029 /* 自动无限轮播图 */,
				9DD473A31D6A9CF200836029 /* 自动无限轮播图Tests */,
				9DD473AE1D6A9CF200836029 /* 自动无限轮播图UITests */,
			);
		};
/* End PBXProject section */

/* Begin PBXResourcesBuildPhase section */
		9DD473891D6A9CF200836029 /* Resources */ = {
			isa = PBXResourcesBuildPhase;
			buildActionMask = 2147483647;
			files = (
				9DD473CD1D6AA47B00836029 /* 图1.png in Resources */,
				9DD473CB1D6AA47B00836029 /* 图3.png in Resources */,
				9DD473CC1D6AA47B00836029 /* 图2.png in Resources */,
				9DD473CE1D6AA47B00836029 /* 图4.png in Resources */,
				9DD4739E1D6A9CF200836029 /* LaunchScreen.storyboard in Resources */,
				9DD4739B1D6A9CF200836029 /* Assets.xcassets in Resources */,
				9DD473C31D6AA1FC00836029 /* 说明.txt in Resources */,
				9DD473991D6A9CF200836029 /* Main.storyboard in Resources */,
			);
			runOnlyForDeploymentPostprocessing = 0;
		};
		9DD473A21D6A9CF200836029 /* Resources */ = {
			isa = PBXResourcesBuildPhase;
			buildActionMask = 2147483647;
			files = (
			);
			runOnlyForDeploymentPostprocessing = 0;
		};
		9DD473AD1D6A9CF200836029 /* Resources */ = {
			isa = PBXResourcesBuildPhase;
			buildActionMask = 2147483647;
			files = (
			);
			runOnlyForDeploymentPostprocessing = 0;
		};
/* End PBXResourcesBuildPhase section */

/* Begin PBXSourcesBuildPhase section */
		9DD473871D6A9CF200836029 /* Sources */ = {
			isa = PBXSourcesBuildPhase;
			buildActionMask = 2147483647;
			files = (
				9DD473C51D6AA21900836029 /* TimeScrollView.m in Sources */,
				9DD473961D6A9CF200836029 /* ViewController.m in Sources */,
				9DD473931D6A9CF200836029 /* AppDelegate.m in Sources */,
				9DD473901D6A9CF200836029 /* main.m in Sources */,
			);
			runOnlyForDeploymentPostprocessing = 0;
		};
		9DD473A01D6A9CF200836029 /* Sources */ = {
			isa = PBXSourcesBuildPhase;
			buildActionMask = 2147483647;
			files = (
				9DD473A91D6A9CF200836029 /* _______Tests.m in Sources */,
			);
			runOnlyForDeploymentPostprocessing = 0;
		};
		9DD473AB1D6A9CF200836029 /* Sources */ = {
			isa = PBXSourcesBuildPhase;
			buildActionMask = 2147483647;
			files = (
				9DD473B41D6A9CF200836029 /* _______UITests.m in Sources */,
			);
			runOnlyForDeploymentPostprocessing = 0;
		};
/* End PBXSourcesBuildPhase section */

/* Begin PBXTargetDependency section */
		9DD473A61D6A9CF200836029 /* PBXTargetDependency */ = {
			isa = PBXTargetDependency;
			target = 9DD4738A1D6A9CF200836029 /* 自动无限轮播图 */;
			targetProxy = 9DD473A51D6A9CF200836029 /* PBXContainerItemProxy */;
		};
		9DD473B11D6A9CF200836029 /* PBXTargetDependency */ = {
			isa = PBXTargetDependency;
			target = 9DD4738A1D6A9CF200836029 /* 自动无限轮播图 */;
			targetProxy = 9DD473B01D6A9CF200836029 /* PBXContainerItemProxy */;
		};
/* End PBXTargetDependency section */

/* Begin PBXVariantGroup section */
		9DD473971D6A9CF200836029 /* Main.storyboard */ = {
			isa = PBXVariantGroup;
			children = (
				9DD473981D6A9CF200836029 /* Base */,
			);
			name = Main.storyboard;
			sourceTree = "<group>";
		};
		9DD4739C1D6A9CF200836029 /* LaunchScreen.storyboard */ = {
			isa = PBXVariantGroup;
			children = (
				9DD4739D1D6A9CF200836029 /* Base */,
			);
			name = LaunchScreen.storyboard;
			sourceTree = "<group>";
		};
/* End PBXVariantGroup section */

/* Begin XCBuildConfiguration section */
		9DD473B61D6A9CF200836029 /* Debug */ = {
			isa = XCBuildConfiguration;
			buildSettings = {
				ALWAYS_SEARCH_USER_PATHS = NO;
				CLANG_ANALYZER_NONNULL = YES;
				CLANG_CXX_LANGUAGE_STANDARD = "gnu++0x";
				CLANG_CXX_LIBRARY = "libc++";
				CLANG_ENABLE_MODULES = YES;
				CLANG_ENABLE_OBJC_ARC = YES;
				CLANG_WARN_BOOL_CONVERSION = YES;
				CLANG_WARN_CONSTANT_CONVERSION = YES;
				CLANG_WARN_DIRECT_OBJC_ISA_USAGE = YES_ERROR;
				CLANG_WARN_EMPTY_BODY = YES;
				CLANG_WARN_ENUM_CONVERSION = YES;
				CLANG_WARN_INT_CONVERSION = YES;
				CLANG_WARN_OBJC_ROOT_CLASS = YES_ERROR;
				CLANG_WARN_UNREACHABLE_CODE = YES;
				CLANG_WARN__DUPLICATE_METHOD_MATCH = YES;
				"CODE_SIGN_IDENTITY[sdk=iphoneos*]" = "iPhone Developer";
				COPY_PHASE_STRIP = NO;
				DEBUG_INFORMATION_FORMAT = dwarf;
				ENABLE_STRICT_OBJC_MSGSEND = YES;
				ENABLE_TESTABILITY = YES;
				GCC_C_LANGUAGE_STANDARD = gnu99;
				GCC_DYNAMIC_NO_PIC = NO;
				GCC_NO_COMMON_BLOCKS = YES;
				GCC_OPTIMIZATION_LEVEL = 0;
				GCC_PREPROCESSOR_DEFINITIONS = (
					"DEBUG=1",
					"$(inherited)",
				);
				GCC_WARN_64_TO_32_BIT_CONVERSION = YES;
				GCC_WARN_ABOUT_RETURN_TYPE = YES_ERROR;
				GCC_WARN_UNDECLARED_SELECTOR = YES;
				GCC_WARN_UNINITIALIZED_AUTOS = YES_AGGRESSIVE;
				GCC_WARN_UNUSED_FUNCTION = YES;
				GCC_WARN_UNUSED_VARIABLE = YES;
				IPHONEOS_DEPLOYMENT_TARGET = 8.2;
				MTL_ENABLE_DEBUG_INFO = YES;
				ONLY_ACTIVE_ARCH = YES;
				SDKROOT = iphoneos;
				TARGETED_DEVICE_FAMILY = "1,2";
			};
			name = Debug;
		};
		9DD473B71D6A9CF200836029 /* Release */ = {
			isa = XCBuildConfiguration;
			buildSettings = {
				ALWAYS_SEARCH_USER_PATHS = NO;
				CLANG_ANALYZER_NONNULL = YES;
				CLANG_CXX_LANGUAGE_STANDARD = "gnu++0x";
				CLANG_CXX_LIBRARY = "libc++";
				CLANG_ENABLE_MODULES = YES;
				CLANG_ENABLE_OBJC_ARC = YES;
				CLANG_WARN_BOOL_CONVERSION = YES;
				CLANG_WARN_CONSTANT_CONVERSION = YES;
				CLANG_WARN_DIRECT_OBJC_ISA_USAGE = YES_ERROR;
				CLANG_WARN_EMPTY_BODY = YES;
				CLANG_WARN_ENUM_CONVERSION = YES;
				CLANG_WARN_INT_CONVERSION = YES;
				CLANG_WARN_OBJC_ROOT_CLASS = YES_ERROR;
				CLANG_WARN_UNREACHABLE_CODE = YES;
				CLANG_WARN__DUPLICATE_METHOD_MATCH = YES;
				"CODE_SIGN_IDENTITY[sdk=iphoneos*]" = "iPhone Developer";
				COPY_PHASE_STRIP = NO;
				DEBUG_INFORMATION_FORMAT = "dwarf-with-dsym";
				ENABLE_NS_ASSERTIONS = NO;
				ENABLE_STRICT_OBJC_MSGSEND = YES;
				GCC_C_LANGUAGE_STANDARD = gnu99;
				GCC_NO_COMMON_BLOCKS = YES;
				GCC_WARN_64_TO_32_BIT_CONVERSION = YES;
				GCC_WARN_ABOUT_RETURN_TYPE = YES_ERROR;
				GCC_WARN_UNDECLARED_SELECTOR = YES;
				GCC_WARN_UNINITIALIZED_AUTOS = YES_AGGRESSIVE;
				GCC_WARN_UNUSED_FUNCTION = YES;
				GCC_WARN_UNUSED_VARIABLE = YES;
				IPHONEOS_DEPLOYMENT_TARGET = 8.2;
				MTL_ENABLE_DEBUG_INFO = NO;
				SDKROOT = iphoneos;
				TARGETED_DEVICE_FAMILY = "1,2";
				VALIDATE_PRODUCT = YES;
			};
			name = Release;
		};
		9DD473B91D6A9CF200836029 /* Debug */ = {
			isa = XCBuildConfiguration;
			buildSettings = {
				ASSETCATALOG_COMPILER_APPICON_NAME = AppIcon;
				INFOPLIST_FILE = "自动无限轮播图/Info.plist";
				LD_RUNPATH_SEARCH_PATHS = "$(inherited) @executable_path/Frameworks";
				PRODUCT_BUNDLE_IDENTIFIER = "WZP.-------";
				PRODUCT_NAME = "$(TARGET_NAME)";
			};
			name = Debug;
		};
		9DD473BA1D6A9CF200836029 /* Release */ = {
			isa = XCBuildConfiguration;
			buildSettings = {
				ASSETCATALOG_COMPILER_APPICON_NAME = AppIcon;
				INFOPLIST_FILE = "自动无限轮播图/Info.plist";
				LD_RUNPATH_SEARCH_PATHS = "$(inherited) @executable_path/Frameworks";
				PRODUCT_BUNDLE_IDENTIFIER = "WZP.-------";
				PRODUCT_NAME = "$(TARGET_NAME)";
			};
			name = Release;
		};
		9DD473BC1D6A9CF200836029 /* Debug */ = {
			isa = XCBuildConfiguration;
			buildSettings = {
				BUNDLE_LOADER = "$(TEST_HOST)";
				INFOPLIST_FILE = "自动无限轮播图Tests/Info.plist";
				LD_RUNPATH_SEARCH_PATHS = "$(inherited) @executable_path/Frameworks @loader_path/Frameworks";
				PRODUCT_BUNDLE_IDENTIFIER = "WZP.-------Tests";
				PRODUCT_NAME = "$(TARGET_NAME)";
				TEST_HOST = "$(BUILT_PRODUCTS_DIR)/自动无限轮播图.app/自动无限轮播图";
			};
			name = Debug;
		};
		9DD473BD1D6A9CF200836029 /* Release */ = {
			isa = XCBuildConfiguration;
			buildSettings = {
				BUNDLE_LOADER = "$(TEST_HOST)";
				INFOPLIST_FILE = "自动无限轮播图Tests/Info.plist";
				LD_RUNPATH_SEARCH_PATHS = "$(inherited) @executable_path/Frameworks @loader_path/Frameworks";
				PRODUCT_BUNDLE_IDENTIFIER = "WZP.-------Tests";
				PRODUCT_NAME = "$(TARGET_NAME)";
				TEST_HOST = "$(BUILT_PRODUCTS_DIR)/自动无限轮播图.app/自动无限轮播图";
			};
			name = Release;
		};
		9DD473BF1D6A9CF200836029 /* Debug */ = {
			isa = XCBuildConfiguration;
			buildSettings = {
				INFOPLIST_FILE = "自动无限轮播图UITests/Info.plist";
				LD_RUNPATH_SEARCH_PATHS = "$(inherited) @executable_path/Frameworks @loader_path/Frameworks";
				PRODUCT_BUNDLE_IDENTIFIER = "WZP.-------UITests";
				PRODUCT_NAME = "$(TARGET_NAME)";
				TEST_TARGET_NAME = "自动无限轮播图";
			};
			name = Debug;
		};
		9DD473C01D6A9CF200836029 /* Release */ = {
			isa = XCBuildConfiguration;
			buildSettings = {
				INFOPLIST_FILE = "自动无限轮播图UITests/Info.plist";
				LD_RUNPATH_SEARCH_PATHS = "$(inherited) @executable_path/Frameworks @loader_path/Frameworks";
				PRODUCT_BUNDLE_IDENTIFIER = "WZP.-------UITests";
				PRODUCT_NAME = "$(TARGET_NAME)";
				TEST_TARGET_NAME = "自动无限轮播图";
			};
			name = Release;
		};
/* End XCBuildConfiguration section */

/* Begin XCConfigurationList section */
		9DD473861D6A9CF200836029 /* Build configuration list for PBXProject "自动无限轮播图" */ = {
			isa = XCConfigurationList;
			buildConfigurations = (
				9DD473B61D6A9CF200836029 /* Debug */,
				9DD473B71D6A9CF200836029 /* Release */,
			);
			defaultConfigurationIsVisible = 0;
			defaultConfigurationName = Release;
		};
		9DD473B81D6A9CF200836029 /* Build configuration list for PBXNativeTarget "自动无限轮播图" */ = {
			isa = XCConfigurationList;
			buildConfigurations = (
				9DD473B91D6A9CF200836029 /* Debug */,
				9DD473BA1D6A9CF200836029 /* Release */,
			);
			defaultConfigurationIsVisible = 0;
			defaultConfigurationName = Release;
		};
		9DD473BB1D6A9CF200836029 /* Build configuration list for PBXNativeTarget "自动无限轮播图Tests" */ = {
			isa = XCConfigurationList;
			buildConfigurations = (
				9DD473BC1D6A9CF200836029 /* Debug */,
				9DD473BD1D6A9CF200836029 /* Release */,
			);
			defaultConfigurationIsVisible = 0;
			defaultConfigurationName = Release;
		};
		9DD473BE1D6A9CF200836029 /* Build configuration list for PBXNativeTarget "自动无限轮播图UITests" */ = {
			isa = XCConfigurationList;
			buildConfigurations = (
				9DD473BF1D6A9CF200836029 /* Debug */,
				9DD473C01D6A9CF200836029 /* Release */,
			);
			defaultConfigurationIsVisible = 0;
			defaultConfigurationName = Release;
		};
/* End XCConfigurationList section */
	};
	rootObject = 9DD473831D6A9CF200836029 /* Project object */;
}
